// !$*UTF8*$!
{
	archiveVersion = 1;
	classes = {
	};
	objectVersion = 77;
	objects = {

/* Begin PBXBuildFile section */
		CE85F2232F1F25A4005EB4A3 /* Constants.swift in Sources */ = {isa = PBXBuildFile; fileRef = CE85F21D2F1F25A4005EB4A3 /* Constants.swift */; };
		CE85F2262F1F2601005EB4A3 /* SplashViewController.swift in Sources */ = {isa = PBXBuildFile; fileRef = CE85F2242F1F2601005EB4A3 /* SplashViewController.swift */; };
		CE85F22E2F1F263C005EB4A3 /* Assets.xcassets in Resources */ = {isa = PBXBuildFile; fileRef = CE85F22A2F1F263C005EB4A3 /* Assets.xcassets */; };
		CE85F22F2F1F263C005EB4A3 /* YS Display-Bold.ttf in Resources */ = {isa = PBXBuildFile; fileRef = CE85F2272F1F263C005EB4A3 /* YS Display-Bold.ttf */; };
		CE85F2302F1F263C005EB4A3 /* LaunchScreen.storyboard in Resources */ = {isa = PBXBuildFile; fileRef = CE85F22C2F1F263C005EB4A3 /* LaunchScreen.storyboard */; };
		CE85F2312F1F263C005EB4A3 /* YS Display-Medium.ttf in Resources */ = {isa = PBXBuildFile; fileRef = CE85F2282F1F263C005EB4A3 /* YS Display-Medium.ttf */; };
		CE9A3F822EA135900062B832 /* ProfileViewController.swift in Sources */ = {isa = PBXBuildFile; fileRef = CE9A3F812EA135900062B832 /* ProfileViewController.swift */; };
		CE9A3F852EA545DB0062B832 /* SingleImageViewController.swift in Sources */ = {isa = PBXBuildFile; fileRef = CE9A3F842EA545DB0062B832 /* SingleImageViewController.swift */; };
		CEE2E4F92E9C045C009E5D07 /* ImagesListCell.swift in Sources */ = {isa = PBXBuildFile; fileRef = CEE2E4E92E9C045C009E5D07 /* ImagesListCell.swift */; };
		CEE2E4FA2E9C045C009E5D07 /* ImagesListViewController.swift in Sources */ = {isa = PBXBuildFile; fileRef = CEE2E4EA2E9C045C009E5D07 /* ImagesListViewController.swift */; };
		CEE2E4FB2E9C045C009E5D07 /* AppDelegate.swift in Sources */ = {isa = PBXBuildFile; fileRef = CEE2E4F12E9C045C009E5D07 /* AppDelegate.swift */; };
		CEE2E4FC2E9C045C009E5D07 /* SceneDelegate.swift in Sources */ = {isa = PBXBuildFile; fileRef = CEE2E4F32E9C045C009E5D07 /* SceneDelegate.swift */; };
		CEFD8D5C2F1DE4E200CA7E75 /* WebViewViewController.swift in Sources */ = {isa = PBXBuildFile; fileRef = CEFD8D5A2F1DE4E200CA7E75 /* WebViewViewController.swift */; };
		CEFD8D5D2F1DE4E200CA7E75 /* AuthViewController.swift in Sources */ = {isa = PBXBuildFile; fileRef = CEFD8D592F1DE4E200CA7E75 /* AuthViewController.swift */; };
		CEFD8D602F1DE53200CA7E75 /* Main.storyboard in Resources */ = {isa = PBXBuildFile; fileRef = CEFD8D5E2F1DE53200CA7E75 /* Main.storyboard */; };
		CEFD8D692F1DE85100CA7E75 /* OAuthTokenResponseBody.swift in Sources */ = {isa = PBXBuildFile; fileRef = CEFD8D652F1DE85100CA7E75 /* OAuthTokenResponseBody.swift */; };
		CEFD8D6A2F1DE85100CA7E75 /* OAuth2Service.swift in Sources */ = {isa = PBXBuildFile; fileRef = CEFD8D632F1DE85100CA7E75 /* OAuth2Service.swift */; };
		CEFD8D6B2F1DE85100CA7E75 /* OAuth2TokenStorage.swift in Sources */ = {isa = PBXBuildFile; fileRef = CEFD8D642F1DE85100CA7E75 /* OAuth2TokenStorage.swift */; };
		CEFD8D6C2F1DE85100CA7E75 /* URLSession+data.swift in Sources */ = {isa = PBXBuildFile; fileRef = CEFD8D662F1DE85100CA7E75 /* URLSession+data.swift */; };
/* End PBXBuildFile section */

/* Begin PBXFileReference section */
		CE85F21D2F1F25A4005EB4A3 /* Constants.swift */ = {isa = PBXFileReference; lastKnownFileType = sourcecode.swift; path = Constants.swift; sourceTree = "<group>"; };
		CE85F2242F1F2601005EB4A3 /* SplashViewController.swift */ = {isa = PBXFileReference; lastKnownFileType = sourcecode.swift; path = SplashViewController.swift; sourceTree = "<group>"; };
		CE85F2272F1F263C005EB4A3 /* YS Display-Bold.ttf */ = {isa = PBXFileReference; lastKnownFileType = file; path = "YS Display-Bold.ttf"; sourceTree = "<group>"; };
		CE85F2282F1F263C005EB4A3 /* YS Display-Medium.ttf */ = {isa = PBXFileReference; lastKnownFileType = file; path = "YS Display-Medium.ttf"; sourceTree = "<group>"; };
		CE85F22A2F1F263C005EB4A3 /* Assets.xcassets */ = {isa = PBXFileReference; lastKnownFileType = folder.assetcatalog; path = Assets.xcassets; sourceTree = "<group>"; };
		CE85F22B2F1F263C005EB4A3 /* Base */ = {isa = PBXFileReference; lastKnownFileType = file.storyboard; name = Base; path = Base.lproj/LaunchScreen.storyboard; sourceTree = "<group>"; };
		CE9A3F812EA135900062B832 /* ProfileViewController.swift */ = {isa = PBXFileReference; lastKnownFileType = sourcecode.swift; path = ProfileViewController.swift; sourceTree = "<group>"; };
		CE9A3F842EA545DB0062B832 /* SingleImageViewController.swift */ = {isa = PBXFileReference; lastKnownFileType = sourcecode.swift; path = SingleImageViewController.swift; sourceTree = "<group>"; };
		CEB71EEA2E8EE54C00AAD438 /* ImageFeed.app */ = {isa = PBXFileReference; explicitFileType = wrapper.application; includeInIndex = 0; path = ImageFeed.app; sourceTree = BUILT_PRODUCTS_DIR; };
		CEE2E4E92E9C045C009E5D07 /* ImagesListCell.swift */ = {isa = PBXFileReference; lastKnownFileType = sourcecode.swift; path = ImagesListCell.swift; sourceTree = "<group>"; };
		CEE2E4EA2E9C045C009E5D07 /* ImagesListViewController.swift */ = {isa = PBXFileReference; lastKnownFileType = sourcecode.swift; path = ImagesListViewController.swift; sourceTree = "<group>"; };
		CEE2E4ED2E9C045C009E5D07 /* Info.plist */ = {isa = PBXFileReference; lastKnownFileType = text.plist.xml; path = Info.plist; sourceTree = "<group>"; };
		CEE2E4F12E9C045C009E5D07 /* AppDelegate.swift */ = {isa = PBXFileReference; lastKnownFileType = sourcecode.swift; path = AppDelegate.swift; sourceTree = "<group>"; };
		CEE2E4F32E9C045C009E5D07 /* SceneDelegate.swift */ = {isa = PBXFileReference; lastKnownFileType = sourcecode.swift; path = SceneDelegate.swift; sourceTree = "<group>"; };
		CEFD8D592F1DE4E200CA7E75 /* AuthViewController.swift */ = {isa = PBXFileReference; lastKnownFileType = sourcecode.swift; path = AuthViewController.swift; sourceTree = "<group>"; };
		CEFD8D5A2F1DE4E200CA7E75 /* WebViewViewController.swift */ = {isa = PBXFileReference; lastKnownFileType = sourcecode.swift; path = WebViewViewController.swift; sourceTree = "<group>"; };
		CEFD8D5F2F1DE53200CA7E75 /* Base */ = {isa = PBXFileReference; lastKnownFileType = file.storyboard; name = Base; path = Base.lproj/Main.storyboard; sourceTree = "<group>"; };
		CEFD8D632F1DE85100CA7E75 /* OAuth2Service.swift */ = {isa = PBXFileReference; lastKnownFileType = sourcecode.swift; path = OAuth2Service.swift; sourceTree = "<group>"; };
		CEFD8D642F1DE85100CA7E75 /* OAuth2TokenStorage.swift */ = {isa = PBXFileReference; lastKnownFileType = sourcecode.swift; path = OAuth2TokenStorage.swift; sourceTree = "<group>"; };
		CEFD8D652F1DE85100CA7E75 /* OAuthTokenResponseBody.swift */ = {isa = PBXFileReference; lastKnownFileType = sourcecode.swift; path = OAuthTokenResponseBody.swift; sourceTree = "<group>"; };
		CEFD8D662F1DE85100CA7E75 /* URLSession+data.swift */ = {isa = PBXFileReference; lastKnownFileType = sourcecode.swift; path = "URLSession+data.swift"; sourceTree = "<group>"; };
/* End PBXFileReference section */

/* Begin PBXFrameworksBuildPhase section */
		CEB71EE72E8EE54C00AAD438 /* Frameworks */ = {
			isa = PBXFrameworksBuildPhase;
			buildActionMask = 2147483647;
			files = (
			);
			runOnlyForDeploymentPostprocessing = 0;
		};
/* End PBXFrameworksBuildPhase section */

/* Begin PBXGroup section */
		CE85F2202F1F25A4005EB4A3 /* Utils */ = {
			isa = PBXGroup;
			children = (
				CE85F21D2F1F25A4005EB4A3 /* Constants.swift */,
			);
			path = Utils;
			sourceTree = "<group>";
		};
		CE85F2252F1F2601005EB4A3 /* SplashViewController */ = {
			isa = PBXGroup;
			children = (
				CE85F2242F1F2601005EB4A3 /* SplashViewController.swift */,
			);
			path = SplashViewController;
			sourceTree = "<group>";
		};
		CE85F2292F1F263C005EB4A3 /* Font */ = {
			isa = PBXGroup;
			children = (
				CE85F2272F1F263C005EB4A3 /* YS Display-Bold.ttf */,
				CE85F2282F1F263C005EB4A3 /* YS Display-Medium.ttf */,
			);
			path = Font;
			sourceTree = "<group>";
		};
		CE85F22D2F1F263C005EB4A3 /* Resources */ = {
			isa = PBXGroup;
			children = (
				CE85F2292F1F263C005EB4A3 /* Font */,
				CE85F22A2F1F263C005EB4A3 /* Assets.xcassets */,
				CE85F22C2F1F263C005EB4A3 /* LaunchScreen.storyboard */,
			);
			path = Resources;
			sourceTree = "<group>";
		};
		CE9A3F802EA135470062B832 /* Profile */ = {
			isa = PBXGroup;
			children = (
				CE9A3F812EA135900062B832 /* ProfileViewController.swift */,
			);
			path = Profile;
			sourceTree = "<group>";
		};
		CE9A3F832EA545BB0062B832 /* SingleImage */ = {
			isa = PBXGroup;
			children = (
				CE9A3F842EA545DB0062B832 /* SingleImageViewController.swift */,
			);
			path = SingleImage;
			sourceTree = "<group>";
		};
		CEB71EE12E8EE54C00AAD438 = {
			isa = PBXGroup;
			children = (
				CEE2E5022E9C095C009E5D07 /* ImageFeed */,
				CEB71EEB2E8EE54C00AAD438 /* Products */,
			);
			sourceTree = "<group>";
		};
		CEB71EEB2E8EE54C00AAD438 /* Products */ = {
			isa = PBXGroup;
			children = (
				CEB71EEA2E8EE54C00AAD438 /* ImageFeed.app */,
			);
			name = Products;
			sourceTree = "<group>";
		};
		CEE2E4FE2E9C08E3009E5D07 /* ImageList */ = {
			isa = PBXGroup;
			children = (
				CEE2E4E92E9C045C009E5D07 /* ImagesListCell.swift */,
				CEE2E4EA2E9C045C009E5D07 /* ImagesListViewController.swift */,
			);
			path = ImageList;
			sourceTree = "<group>";
		};
		CEE2E5022E9C095C009E5D07 /* ImageFeed */ = {
			isa = PBXGroup;
			children = (
				CEFD8D5E2F1DE53200CA7E75 /* Main.storyboard */,
				CEE2E4F12E9C045C009E5D07 /* AppDelegate.swift */,
				CEE2E4F32E9C045C009E5D07 /* SceneDelegate.swift */,
				CEFD8D5B2F1DE4E200CA7E75 /* Auth */,
				CEE2E4FE2E9C08E3009E5D07 /* ImageList */,
				CE9A3F802EA135470062B832 /* Profile */,
				CEFD8D682F1DE85100CA7E75 /* ServiceAccessLayer */,
				CE9A3F832EA545BB0062B832 /* SingleImage */,
				CE85F2252F1F2601005EB4A3 /* SplashViewController */,
				CE85F2202F1F25A4005EB4A3 /* Utils */,
				CEE2E4ED2E9C045C009E5D07 /* Info.plist */,
				CE85F22D2F1F263C005EB4A3 /* Resources */,
			);
			path = ImageFeed;
			sourceTree = "<group>";
		};
		CEFD8D5B2F1DE4E200CA7E75 /* Auth */ = {
			isa = PBXGroup;
			children = (
				CEFD8D592F1DE4E200CA7E75 /* AuthViewController.swift */,
				CEFD8D5A2F1DE4E200CA7E75 /* WebViewViewController.swift */,
			);
			path = Auth;
			sourceTree = "<group>";
		};
		CEFD8D672F1DE85100CA7E75 /* OAuth2 */ = {
			isa = PBXGroup;
			children = (
				CEFD8D632F1DE85100CA7E75 /* OAuth2Service.swift */,
				CEFD8D642F1DE85100CA7E75 /* OAuth2TokenStorage.swift */,
				CEFD8D652F1DE85100CA7E75 /* OAuthTokenResponseBody.swift */,
				CEFD8D662F1DE85100CA7E75 /* URLSession+data.swift */,
			);
			path = OAuth2;
			sourceTree = "<group>";
		};
		CEFD8D682F1DE85100CA7E75 /* ServiceAccessLayer */ = {
			isa = PBXGroup;
			children = (
				CEFD8D672F1DE85100CA7E75 /* OAuth2 */,
			);
			path = ServiceAccessLayer;
			sourceTree = "<group>";
		};
/* End PBXGroup section */

/* Begin PBXNativeTarget section */
		CEB71EE92E8EE54C00AAD438 /* ImageFeed */ = {
			isa = PBXNativeTarget;
			buildConfigurationList = CEB71EFD2E8EE55500AAD438 /* Build configuration list for PBXNativeTarget "ImageFeed" */;
			buildPhases = (
				CEB71EE62E8EE54C00AAD438 /* Sources */,
				CEB71EE72E8EE54C00AAD438 /* Frameworks */,
				CEB71EE82E8EE54C00AAD438 /* Resources */,
			);
			buildRules = (
			);
			dependencies = (
			);
			name = ImageFeed;
			packageProductDependencies = (
			);
			productName = ImageFeed;
			productReference = CEB71EEA2E8EE54C00AAD438 /* ImageFeed.app */;
			productType = "com.apple.product-type.application";
		};
/* End PBXNativeTarget section */

/* Begin PBXProject section */
		CEB71EE22E8EE54C00AAD438 /* Project object */ = {
			isa = PBXProject;
			attributes = {
				BuildIndependentTargetsInParallel = 1;
				LastSwiftUpdateCheck = 1620;
				LastUpgradeCheck = 1620;
				TargetAttributes = {
					CEB71EE92E8EE54C00AAD438 = {
						CreatedOnToolsVersion = 16.2;
					};
				};
			};
			buildConfigurationList = CEB71EE52E8EE54C00AAD438 /* Build configuration list for PBXProject "ImageFeed" */;
			developmentRegion = en;
			hasScannedForEncodings = 0;
			knownRegions = (
				en,
				Base,
			);
			mainGroup = CEB71EE12E8EE54C00AAD438;
			minimizedProjectReferenceProxies = 1;
			preferredProjectObjectVersion = 77;
			productRefGroup = CEB71EEB2E8EE54C00AAD438 /* Products */;
			projectDirPath = "";
			projectRoot = "";
			targets = (
				CEB71EE92E8EE54C00AAD438 /* ImageFeed */,
			);
		};
/* End PBXProject section */

/* Begin PBXResourcesBuildPhase section */
		CEB71EE82E8EE54C00AAD438 /* Resources */ = {
			isa = PBXResourcesBuildPhase;
			buildActionMask = 2147483647;
			files = (
				CEFD8D602F1DE53200CA7E75 /* Main.storyboard in Resources */,
				CE85F22E2F1F263C005EB4A3 /* Assets.xcassets in Resources */,
				CE85F22F2F1F263C005EB4A3 /* YS Display-Bold.ttf in Resources */,
				CE85F2302F1F263C005EB4A3 /* LaunchScreen.storyboard in Resources */,
				CE85F2312F1F263C005EB4A3 /* YS Display-Medium.ttf in Resources */,
			);
			runOnlyForDeploymentPostprocessing = 0;
		};
/* End PBXResourcesBuildPhase section */

/* Begin PBXSourcesBuildPhase section */
		CEB71EE62E8EE54C00AAD438 /* Sources */ = {
			isa = PBXSourcesBuildPhase;
			buildActionMask = 2147483647;
			files = (
				CEE2E4F92E9C045C009E5D07 /* ImagesListCell.swift in Sources */,
				CEFD8D5C2F1DE4E200CA7E75 /* WebViewViewController.swift in Sources */,
				CEFD8D5D2F1DE4E200CA7E75 /* AuthViewController.swift in Sources */,
				CEFD8D692F1DE85100CA7E75 /* OAuthTokenResponseBody.swift in Sources */,
				CEFD8D6A2F1DE85100CA7E75 /* OAuth2Service.swift in Sources */,
				CE85F2262F1F2601005EB4A3 /* SplashViewController.swift in Sources */,
				CEFD8D6B2F1DE85100CA7E75 /* OAuth2TokenStorage.swift in Sources */,
				CEFD8D6C2F1DE85100CA7E75 /* URLSession+data.swift in Sources */,
				CEE2E4FA2E9C045C009E5D07 /* ImagesListViewController.swift in Sources */,
				CE9A3F822EA135900062B832 /* ProfileViewController.swift in Sources */,
				CEE2E4FB2E9C045C009E5D07 /* AppDelegate.swift in Sources */,
				CE85F2232F1F25A4005EB4A3 /* Constants.swift in Sources */,
				CE9A3F852EA545DB0062B832 /* SingleImageViewController.swift in Sources */,
				CEE2E4FC2E9C045C009E5D07 /* SceneDelegate.swift in Sources */,
			);
			runOnlyForDeploymentPostprocessing = 0;
		};
/* End PBXSourcesBuildPhase section */

/* Begin PBXVariantGroup section */
		CE85F22C2F1F263C005EB4A3 /* LaunchScreen.storyboard */ = {
			isa = PBXVariantGroup;
			children = (
				CE85F22B2F1F263C005EB4A3 /* Base */,
			);
			name = LaunchScreen.storyboard;
			sourceTree = "<group>";
		};
		CEFD8D5E2F1DE53200CA7E75 /* Main.storyboard */ = {
			isa = PBXVariantGroup;
			children = (
				CEFD8D5F2F1DE53200CA7E75 /* Base */,
			);
			name = Main.storyboard;
			sourceTree = "<group>";
		};
/* End PBXVariantGroup section */

/* Begin XCBuildConfiguration section */
		CEB71EFE2E8EE55500AAD438 /* Debug */ = {
			isa = XCBuildConfiguration;
			buildSettings = {
				ASSETCATALOG_COMPILER_APPICON_NAME = AppIcon;
				ASSETCATALOG_COMPILER_GLOBAL_ACCENT_COLOR_NAME = AccentColor;
				CODE_SIGN_STYLE = Automatic;
				CURRENT_PROJECT_VERSION = 1;
				DEVELOPMENT_TEAM = 43WAQR2YUG;
				GENERATE_INFOPLIST_FILE = YES;
				INFOPLIST_FILE = ImageFeed/Info.plist;
				INFOPLIST_KEY_UIApplicationSupportsIndirectInputEvents = YES;
				INFOPLIST_KEY_UILaunchStoryboardName = LaunchScreen;
				INFOPLIST_KEY_UIMainStoryboardFile = Main;
				INFOPLIST_KEY_UISupportedInterfaceOrientations_iPad = "UIInterfaceOrientationPortrait UIInterfaceOrientationPortraitUpsideDown UIInterfaceOrientationLandscapeLeft UIInterfaceOrientationLandscapeRight";
				INFOPLIST_KEY_UISupportedInterfaceOrientations_iPhone = UIInterfaceOrientationPortrait;
				IPHONEOS_DEPLOYMENT_TARGET = 13;
				LD_RUNPATH_SEARCH_PATHS = (
					"$(inherited)",
					"@executable_path/Frameworks",
				);
				MARKETING_VERSION = 1.0;
				PRODUCT_BUNDLE_IDENTIFIER = ru.yandex.practicum.ImageFeed;
				PRODUCT_NAME = "$(TARGET_NAME)";
				SUPPORTED_PLATFORMS = "iphoneos iphonesimulator";
				SUPPORTS_MACCATALYST = NO;
				SUPPORTS_MAC_DESIGNED_FOR_IPHONE_IPAD = NO;
				SUPPORTS_XR_DESIGNED_FOR_IPHONE_IPAD = NO;
				SWIFT_EMIT_LOC_STRINGS = YES;
				SWIFT_VERSION = 5.0;
				TARGETED_DEVICE_FAMILY = 1;
			};
			name = Debug;
		};
		CEB71EFF2E8EE55500AAD438 /* Release */ = {
			isa = XCBuildConfiguration;
			buildSettings = {
				ASSETCATALOG_COMPILER_APPICON_NAME = AppIcon;
				ASSETCATALOG_COMPILER_GLOBAL_ACCENT_COLOR_NAME = AccentColor;
				CODE_SIGN_STYLE = Automatic;
				CURRENT_PROJECT_VERSION = 1;
				DEVELOPMENT_TEAM = 43WAQR2YUG;
				GENERATE_INFOPLIST_FILE = YES;
				INFOPLIST_FILE = ImageFeed/Info.plist;
				INFOPLIST_KEY_UIApplicationSupportsIndirectInputEvents = YES;
				INFOPLIST_KEY_UILaunchStoryboardName = LaunchScreen;
				INFOPLIST_KEY_UIMainStoryboardFile = Main;
				INFOPLIST_KEY_UISupportedInterfaceOrientations_iPad = "UIInterfaceOrientationPortrait UIInterfaceOrientationPortraitUpsideDown UIInterfaceOrientationLandscapeLeft UIInterfaceOrientationLandscapeRight";
				INFOPLIST_KEY_UISupportedInterfaceOrientations_iPhone = UIInterfaceOrientationPortrait;
				IPHONEOS_DEPLOYMENT_TARGET = 13;
				LD_RUNPATH_SEARCH_PATHS = (
					"$(inherited)",
					"@executable_path/Frameworks",
				);
				MARKETING_VERSION = 1.0;
				PRODUCT_BUNDLE_IDENTIFIER = ru.yandex.practicum.ImageFeed;
				PRODUCT_NAME = "$(TARGET_NAME)";
				SUPPORTED_PLATFORMS = "iphoneos iphonesimulator";
				SUPPORTS_MACCATALYST = NO;
				SUPPORTS_MAC_DESIGNED_FOR_IPHONE_IPAD = NO;
				SUPPORTS_XR_DESIGNED_FOR_IPHONE_IPAD = NO;
				SWIFT_EMIT_LOC_STRINGS = YES;
				SWIFT_VERSION = 5.0;
				TARGETED_DEVICE_FAMILY = 1;
			};
			name = Release;
		};
		CEB71F002E8EE55500AAD438 /* Debug */ = {
			isa = XCBuildConfiguration;
			buildSettings = {
				ALWAYS_SEARCH_USER_PATHS = NO;
				ASSETCATALOG_COMPILER_GENERATE_SWIFT_ASSET_SYMBOL_EXTENSIONS = YES;
				CLANG_ANALYZER_NONNULL = YES;
				CLANG_ANALYZER_NUMBER_OBJECT_CONVERSION = YES_AGGRESSIVE;
				CLANG_CXX_LANGUAGE_STANDARD = "gnu++20";
				CLANG_ENABLE_MODULES = YES;
				CLANG_ENABLE_OBJC_ARC = YES;
				CLANG_ENABLE_OBJC_WEAK = YES;
				CLANG_WARN_BLOCK_CAPTURE_AUTORELEASING = YES;
				CLANG_WARN_BOOL_CONVERSION = YES;
				CLANG_WARN_COMMA = YES;
				CLANG_WARN_CONSTANT_CONVERSION = YES;
				CLANG_WARN_DEPRECATED_OBJC_IMPLEMENTATIONS = YES;
				CLANG_WARN_DIRECT_OBJC_ISA_USAGE = YES_ERROR;
				CLANG_WARN_DOCUMENTATION_COMMENTS = YES;
				CLANG_WARN_EMPTY_BODY = YES;
				CLANG_WARN_ENUM_CONVERSION = YES;
				CLANG_WARN_INFINITE_RECURSION = YES;
				CLANG_WARN_INT_CONVERSION = YES;
				CLANG_WARN_NON_LITERAL_NULL_CONVERSION = YES;
				CLANG_WARN_OBJC_IMPLICIT_RETAIN_SELF = YES;
				CLANG_WARN_OBJC_LITERAL_CONVERSION = YES;
				CLANG_WARN_OBJC_ROOT_CLASS = YES_ERROR;
				CLANG_WARN_QUOTED_INCLUDE_IN_FRAMEWORK_HEADER = YES;
				CLANG_WARN_RANGE_LOOP_ANALYSIS = YES;
				CLANG_WARN_STRICT_PROTOTYPES = YES;
				CLANG_WARN_SUSPICIOUS_MOVE = YES;
				CLANG_WARN_UNGUARDED_AVAILABILITY = YES_AGGRESSIVE;
				CLANG_WARN_UNREACHABLE_CODE = YES;
				CLANG_WARN__DUPLICATE_METHOD_MATCH = YES;
				COPY_PHASE_STRIP = NO;
				DEBUG_INFORMATION_FORMAT = dwarf;
				ENABLE_STRICT_OBJC_MSGSEND = YES;
				ENABLE_TESTABILITY = YES;
				ENABLE_USER_SCRIPT_SANDBOXING = YES;
				GCC_C_LANGUAGE_STANDARD = gnu17;
				GCC_DYNAMIC_NO_PIC = NO;
				GCC_NO_COMMON_BLOCKS = YES;
				GCC_OPTIMIZATION_LEVEL = 0;
				GCC_PREPROCESSOR_DEFINITIONS = (
					"DEBUG=1",
					"$(inherited)",
				);
				GCC_WARN_64_TO_32_BIT_CONVERSION = YES;
				GCC_WARN_ABOUT_RETURN_TYPE = YES_ERROR;
				GCC_WARN_UNDECLARED_SELECTOR = YES;
				GCC_WARN_UNINITIALIZED_AUTOS = YES_AGGRESSIVE;
				GCC_WARN_UNUSED_FUNCTION = YES;
				GCC_WARN_UNUSED_VARIABLE = YES;
				IPHONEOS_DEPLOYMENT_TARGET = 18.2;
				LOCALIZATION_PREFERS_STRING_CATALOGS = YES;
				MTL_ENABLE_DEBUG_INFO = INCLUDE_SOURCE;
				MTL_FAST_MATH = YES;
				ONLY_ACTIVE_ARCH = YES;
				SDKROOT = iphoneos;
				SWIFT_ACTIVE_COMPILATION_CONDITIONS = "DEBUG $(inherited)";
				SWIFT_OPTIMIZATION_LEVEL = "-Onone";
			};
			name = Debug;
		};
		CEB71F012E8EE55500AAD438 /* Release */ = {
			isa = XCBuildConfiguration;
			buildSettings = {
				ALWAYS_SEARCH_USER_PATHS = NO;
				ASSETCATALOG_COMPILER_GENERATE_SWIFT_ASSET_SYMBOL_EXTENSIONS = YES;
				CLANG_ANALYZER_NONNULL = YES;
				CLANG_ANALYZER_NUMBER_OBJECT_CONVERSION = YES_AGGRESSIVE;
				CLANG_CXX_LANGUAGE_STANDARD = "gnu++20";
				CLANG_ENABLE_MODULES = YES;
				CLANG_ENABLE_OBJC_ARC = YES;
				CLANG_ENABLE_OBJC_WEAK = YES;
				CLANG_WARN_BLOCK_CAPTURE_AUTORELEASING = YES;
				CLANG_WARN_BOOL_CONVERSION = YES;
				CLANG_WARN_COMMA = YES;
				CLANG_WARN_CONSTANT_CONVERSION = YES;
				CLANG_WARN_DEPRECATED_OBJC_IMPLEMENTATIONS = YES;
				CLANG_WARN_DIRECT_OBJC_ISA_USAGE = YES_ERROR;
				CLANG_WARN_DOCUMENTATION_COMMENTS = YES;
				CLANG_WARN_EMPTY_BODY = YES;
				CLANG_WARN_ENUM_CONVERSION = YES;
				CLANG_WARN_INFINITE_RECURSION = YES;
				CLANG_WARN_INT_CONVERSION = YES;
				CLANG_WARN_NON_LITERAL_NULL_CONVERSION = YES;
				CLANG_WARN_OBJC_IMPLICIT_RETAIN_SELF = YES;
				CLANG_WARN_OBJC_LITERAL_CONVERSION = YES;
				CLANG_WARN_OBJC_ROOT_CLASS = YES_ERROR;
				CLANG_WARN_QUOTED_INCLUDE_IN_FRAMEWORK_HEADER = YES;
				CLANG_WARN_RANGE_LOOP_ANALYSIS = YES;
				CLANG_WARN_STRICT_PROTOTYPES = YES;
				CLANG_WARN_SUSPICIOUS_MOVE = YES;
				CLANG_WARN_UNGUARDED_AVAILABILITY = YES_AGGRESSIVE;
				CLANG_WARN_UNREACHABLE_CODE = YES;
				CLANG_WARN__DUPLICATE_METHOD_MATCH = YES;
				COPY_PHASE_STRIP = NO;
				DEBUG_INFORMATION_FORMAT = "dwarf-with-dsym";
				ENABLE_NS_ASSERTIONS = NO;
				ENABLE_STRICT_OBJC_MSGSEND = YES;
				ENABLE_USER_SCRIPT_SANDBOXING = YES;
				GCC_C_LANGUAGE_STANDARD = gnu17;
				GCC_NO_COMMON_BLOCKS = YES;
				GCC_WARN_64_TO_32_BIT_CONVERSION = YES;
				GCC_WARN_ABOUT_RETURN_TYPE = YES_ERROR;
				GCC_WARN_UNDECLARED_SELECTOR = YES;
				GCC_WARN_UNINITIALIZED_AUTOS = YES_AGGRESSIVE;
				GCC_WARN_UNUSED_FUNCTION = YES;
				GCC_WARN_UNUSED_VARIABLE = YES;
				IPHONEOS_DEPLOYMENT_TARGET = 18.2;
				LOCALIZATION_PREFERS_STRING_CATALOGS = YES;
				MTL_ENABLE_DEBUG_INFO = NO;
				MTL_FAST_MATH = YES;
				SDKROOT = iphoneos;
				SWIFT_COMPILATION_MODE = wholemodule;
				VALIDATE_PRODUCT = YES;
			};
			name = Release;
		};
/* End XCBuildConfiguration section */

/* Begin XCConfigurationList section */
		CEB71EE52E8EE54C00AAD438 /* Build configuration list for PBXProject "ImageFeed" */ = {
			isa = XCConfigurationList;
			buildConfigurations = (
				CEB71F002E8EE55500AAD438 /* Debug */,
				CEB71F012E8EE55500AAD438 /* Release */,
			);
			defaultConfigurationIsVisible = 0;
			defaultConfigurationName = Release;
		};
		CEB71EFD2E8EE55500AAD438 /* Build configuration list for PBXNativeTarget "ImageFeed" */ = {
			isa = XCConfigurationList;
			buildConfigurations = (
				CEB71EFE2E8EE55500AAD438 /* Debug */,
				CEB71EFF2E8EE55500AAD438 /* Release */,
			);
			defaultConfigurationIsVisible = 0;
			defaultConfigurationName = Release;
		};
/* End XCConfigurationList section */
	};
	rootObject = CEB71EE22E8EE54C00AAD438 /* Project object */;
}
